
Microsoft Visual Studio Solution File, Format Version 12.00
# Visual Studio Version 16
VisualStudioVersion = 16.0.30413.136
MinimumVisualStudioVersion = 10.0.40219.1
Project("{888888A0-9F3D-457C-B088-3A5042F75D52}") = "PythonApplication13", "PythonApplication13\PythonApplication13.pyproj", "{A42D0C18-DFEE-48B7-BE24-D3FB8C4DF4CF}"
EndProject
Global
	GlobalSection(SolutionConfigurationPlatforms) = preSolution
		Debug|Any CPU = Debug|Any CPU
		Release|Any CPU = Release|Any CPU
	EndGlobalSection
	GlobalSection(ProjectConfigurationPlatforms) = postSolution
		{A42D0C18-DFEE-48B7-BE24-D3FB8C4DF4CF}.Debug|Any CPU.ActiveCfg = Debug|Any CPU
		{A42D0C18-DFEE-48B7-BE24-D3FB8C4DF4CF}.Release|Any CPU.ActiveCfg = Release|Any CPU
	EndGlobalSection
	GlobalSection(SolutionProperties) = preSolution
		HideSolutionNode = FALSE
	EndGlobalSection
	GlobalSection(ExtensibilityGlobals) = postSolution
		SolutionGuid = {284BF4D8-9554-4D11-B60A-7CC6C661E9F0}
	EndGlobalSection
EndGlobal
